
Microsoft Visual Studio Solution File, Format Version 12.00
# Visual Studio 2013
VisualStudioVersion = 12.0.21005.1
MinimumVisualStudioVersion = 10.0.40219.1
Project("{8BC9CEB8-8B4A-11D0-8D11-00A0C91BC942}") = "onvif-server", "onvif-server\onvif-server.vcxproj", "{349B5DE5-37E5-4414-ABC4-EF38F4EE0B8D}"
EndProject
Project("{8BC9CEB8-8B4A-11D0-8D11-00A0C91BC942}") = "onvif-server-lib", "onvif-server-lib\onvif-server-lib.vcxproj", "{E69DC22F-C5D5-4CD4-9F73-740C93F19C3A}"
EndProject
Global
	GlobalSection(SolutionConfigurationPlatforms) = preSolution
		Debug|Win32 = Debug|Win32
		Release|Win32 = Release|Win32
	EndGlobalSection
	GlobalSection(ProjectConfigurationPlatforms) = postSolution
		{349B5DE5-37E5-4414-ABC4-EF38F4EE0B8D}.Debug|Win32.ActiveCfg = Debug|Win32
		{349B5DE5-37E5-4414-ABC4-EF38F4EE0B8D}.Debug|Win32.Build.0 = Debug|Win32
		{349B5DE5-37E5-4414-ABC4-EF38F4EE0B8D}.Release|Win32.ActiveCfg = Release|Win32
		{349B5DE5-37E5-4414-ABC4-EF38F4EE0B8D}.Release|Win32.Build.0 = Release|Win32
		{E69DC22F-C5D5-4CD4-9F73-740C93F19C3A}.Debug|Win32.ActiveCfg = Debug|Win32
		{E69DC22F-C5D5-4CD4-9F73-740C93F19C3A}.Debug|Win32.Build.0 = Debug|Win32
		{E69DC22F-C5D5-4CD4-9F73-740C93F19C3A}.Release|Win32.ActiveCfg = Release|Win32
		{E69DC22F-C5D5-4CD4-9F73-740C93F19C3A}.Release|Win32.Build.0 = Release|Win32
	EndGlobalSection
	GlobalSection(SolutionProperties) = preSolution
		HideSolutionNode = FALSE
	EndGlobalSection
EndGlobal
